
Microsoft Visual Studio Solution File, Format Version 12.00
# Visual Studio Version 17
VisualStudioVersion = 17.0.32112.339
MinimumVisualStudioVersion = 10.0.40219.1
Project("{9A19103F-16F7-4668-BE54-9A1E7A4F7556}") = "EventSource", "EventSource\EventSource.csproj", "{AE504598-F70A-4A33-BD03-00793CFB061F}"
EndProject
Project("{2150E333-8FDC-42A3-9474-1A3956D46DE8}") = "CQRS", "CQRS", "{CE4B41BD-CE2A-41DE-A90C-BDF7F76FA82E}"
EndProject
Project("{9A19103F-16F7-4668-BE54-9A1E7A4F7556}") = "JohnVerbiest.CQRS", "JohnVerbiest.CQRS\JohnVerbiest.CQRS.csproj", "{E3FF1983-CCAB-451C-ACEE-086ED2E98D2B}"
EndProject
Project("{9A19103F-16F7-4668-BE54-9A1E7A4F7556}") = "JohnVerbiest.CQRS.Tests", "JohnVerbiest.CQRS.Tests\JohnVerbiest.CQRS.Tests.csproj", "{D42CD0B2-6DAA-454F-AF94-B52668E5B169}"
EndProject
Project("{2150E333-8FDC-42A3-9474-1A3956D46DE8}") = "BusinessLogic", "BusinessLogic", "{D94609AC-8A59-43A9-86AC-29E2DC9E177F}"
EndProject
Project("{9A19103F-16F7-4668-BE54-9A1E7A4F7556}") = "Eventsource.BusinessLogic", "Eventsource.BusinessLogic\Eventsource.BusinessLogic.csproj", "{A5523060-E0C9-4C99-A8B7-DF48A4865B28}"
EndProject
Project("{9A19103F-16F7-4668-BE54-9A1E7A4F7556}") = "Eventsource.BusinessLogic.Tests", "Eventsource.BusinessLogic.Tests\Eventsource.BusinessLogic.Tests.csproj", "{B8DEB299-0509-45A2-97FA-C003A4C94BA0}"
EndProject
Project("{2150E333-8FDC-42A3-9474-1A3956D46DE8}") = "Docs", "Docs", "{013606C9-5FAB-4C6C-9688-FC22118E76B5}"
	ProjectSection(SolutionItems) = preProject
		readme.md = readme.md
	EndProjectSection
EndProject
Project("{2150E333-8FDC-42A3-9474-1A3956D46DE8}") = "Datalayer", "Datalayer", "{E4D17093-21B8-4E1D-AC87-35AE66BFE100}"
EndProject
Project("{FAE04EC0-301F-11D3-BF4B-00C04F79EFBC}") = "Eventsource.Datalayer", "Eventsource.Datalayer\Eventsource.Datalayer.csproj", "{798AB885-35FD-4C72-9E95-82D40A9387D6}"
EndProject
Project("{FAE04EC0-301F-11D3-BF4B-00C04F79EFBC}") = "Eventsource.Datalayer.Tests", "Eventsource.Datalayer.Tests\Eventsource.Datalayer.Tests.csproj", "{3822C848-CA7D-416D-8549-F454B5E6F6C3}"
EndProject
Global
	GlobalSection(SolutionConfigurationPlatforms) = preSolution
		Debug|Any CPU = Debug|Any CPU
		Release|Any CPU = Release|Any CPU
	EndGlobalSection
	GlobalSection(ProjectConfigurationPlatforms) = postSolution
		{AE504598-F70A-4A33-BD03-00793CFB061F}.Debug|Any CPU.ActiveCfg = Debug|Any CPU
		{AE504598-F70A-4A33-BD03-00793CFB061F}.Debug|Any CPU.Build.0 = Debug|Any CPU
		{AE504598-F70A-4A33-BD03-00793CFB061F}.Release|Any CPU.ActiveCfg = Release|Any CPU
		{AE504598-F70A-4A33-BD03-00793CFB061F}.Release|Any CPU.Build.0 = Release|Any CPU
		{E3FF1983-CCAB-451C-ACEE-086ED2E98D2B}.Debug|Any CPU.ActiveCfg = Debug|Any CPU
		{E3FF1983-CCAB-451C-ACEE-086ED2E98D2B}.Debug|Any CPU.Build.0 = Debug|Any CPU
		{E3FF1983-CCAB-451C-ACEE-086ED2E98D2B}.Release|Any CPU.ActiveCfg = Release|Any CPU
		{E3FF1983-CCAB-451C-ACEE-086ED2E98D2B}.Release|Any CPU.Build.0 = Release|Any CPU
		{D42CD0B2-6DAA-454F-AF94-B52668E5B169}.Debug|Any CPU.ActiveCfg = Debug|Any CPU
		{D42CD0B2-6DAA-454F-AF94-B52668E5B169}.Debug|Any CPU.Build.0 = Debug|Any CPU
		{D42CD0B2-6DAA-454F-AF94-B52668E5B169}.Release|Any CPU.ActiveCfg = Release|Any CPU
		{D42CD0B2-6DAA-454F-AF94-B52668E5B169}.Release|Any CPU.Build.0 = Release|Any CPU
		{A5523060-E0C9-4C99-A8B7-DF48A4865B28}.Debug|Any CPU.ActiveCfg = Debug|Any CPU
		{A5523060-E0C9-4C99-A8B7-DF48A4865B28}.Debug|Any CPU.Build.0 = Debug|Any CPU
		{A5523060-E0C9-4C99-A8B7-DF48A4865B28}.Release|Any CPU.ActiveCfg = Release|Any CPU
		{A5523060-E0C9-4C99-A8B7-DF48A4865B28}.Release|Any CPU.Build.0 = Release|Any CPU
		{B8DEB299-0509-45A2-97FA-C003A4C94BA0}.Debug|Any CPU.ActiveCfg = Debug|Any CPU
		{B8DEB299-0509-45A2-97FA-C003A4C94BA0}.Debug|Any CPU.Build.0 = Debug|Any CPU
		{B8DEB299-0509-45A2-97FA-C003A4C94BA0}.Release|Any CPU.ActiveCfg = Release|Any CPU
		{B8DEB299-0509-45A2-97FA-C003A4C94BA0}.Release|Any CPU.Build.0 = Release|Any CPU
		{798AB885-35FD-4C72-9E95-82D40A9387D6}.Debug|Any CPU.ActiveCfg = Debug|Any CPU
		{798AB885-35FD-4C72-9E95-82D40A9387D6}.Debug|Any CPU.Build.0 = Debug|Any CPU
		{798AB885-35FD-4C72-9E95-82D40A9387D6}.Release|Any CPU.ActiveCfg = Release|Any CPU
		{798AB885-35FD-4C72-9E95-82D40A9387D6}.Release|Any CPU.Build.0 = Release|Any CPU
		{3822C848-CA7D-416D-8549-F454B5E6F6C3}.Debug|Any CPU.ActiveCfg = Debug|Any CPU
		{3822C848-CA7D-416D-8549-F454B5E6F6C3}.Debug|Any CPU.Build.0 = Debug|Any CPU
		{3822C848-CA7D-416D-8549-F454B5E6F6C3}.Release|Any CPU.ActiveCfg = Release|Any CPU
		{3822C848-CA7D-416D-8549-F454B5E6F6C3}.Release|Any CPU.Build.0 = Release|Any CPU
	EndGlobalSection
	GlobalSection(SolutionProperties) = preSolution
		HideSolutionNode = FALSE
	EndGlobalSection
	GlobalSection(NestedProjects) = preSolution
		{E3FF1983-CCAB-451C-ACEE-086ED2E98D2B} = {CE4B41BD-CE2A-41DE-A90C-BDF7F76FA82E}
		{D42CD0B2-6DAA-454F-AF94-B52668E5B169} = {CE4B41BD-CE2A-41DE-A90C-BDF7F76FA82E}
		{A5523060-E0C9-4C99-A8B7-DF48A4865B28} = {D94609AC-8A59-43A9-86AC-29E2DC9E177F}
		{B8DEB299-0509-45A2-97FA-C003A4C94BA0} = {D94609AC-8A59-43A9-86AC-29E2DC9E177F}
		{798AB885-35FD-4C72-9E95-82D40A9387D6} = {E4D17093-21B8-4E1D-AC87-35AE66BFE100}
		{3822C848-CA7D-416D-8549-F454B5E6F6C3} = {E4D17093-21B8-4E1D-AC87-35AE66BFE100}
	EndGlobalSection
	GlobalSection(ExtensibilityGlobals) = postSolution
		SolutionGuid = {4A6C5A21-110F-4566-93D4-9452A714016A}
	EndGlobalSection
EndGlobal
